// !$*UTF8*$!
{
	archiveVersion = 1;
	classes = {
	};
	objectVersion = 46;
	objects = {

/* Begin PBXAggregateTarget section */
		"Geometry::GeometryPackageTests::ProductTarget" /* GeometryPackageTests */ = {
			isa = PBXAggregateTarget;
			buildConfigurationList = OBJ_40 /* Build configuration list for PBXAggregateTarget "GeometryPackageTests" */;
			buildPhases = (
			);
			dependencies = (
				OBJ_43 /* PBXTargetDependency */,
			);
			name = GeometryPackageTests;
			productName = GeometryPackageTests;
		};
/* End PBXAggregateTarget section */

/* Begin PBXBuildFile section */
		492D35E421AA508C00D95CF9 /* Angle2TestHelper.swift in Sources */ = {isa = PBXBuildFile; fileRef = OBJ_14 /* Angle2TestHelper.swift */; };
		492D35E521AA508C00D95CF9 /* Vector2TestHelper.swift in Sources */ = {isa = PBXBuildFile; fileRef = OBJ_17 /* Vector2TestHelper.swift */; };
		492D35E621AA508C00D95CF9 /* Angle2Tests.swift in Sources */ = {isa = PBXBuildFile; fileRef = OBJ_15 /* Angle2Tests.swift */; };
		492D35E721AA508C00D95CF9 /* Point2Tests.swift in Sources */ = {isa = PBXBuildFile; fileRef = OBJ_16 /* Point2Tests.swift */; };
		492D35E821AA508C00D95CF9 /* Vector2Tests.swift in Sources */ = {isa = PBXBuildFile; fileRef = OBJ_18 /* Vector2Tests.swift */; };
		OBJ_29 /* Angle2.swift in Sources */ = {isa = PBXBuildFile; fileRef = OBJ_9 /* Angle2.swift */; };
		OBJ_30 /* Point2.swift in Sources */ = {isa = PBXBuildFile; fileRef = OBJ_10 /* Point2.swift */; };
		OBJ_31 /* Vector2.swift in Sources */ = {isa = PBXBuildFile; fileRef = OBJ_11 /* Vector2.swift */; };
		OBJ_38 /* Package.swift in Sources */ = {isa = PBXBuildFile; fileRef = OBJ_6 /* Package.swift */; };
		OBJ_55 /* Geometry.framework in Frameworks */ = {isa = PBXBuildFile; fileRef = "Geometry::Geometry::Product" /* Geometry.framework */; };
/* End PBXBuildFile section */

/* Begin PBXContainerItemProxy section */
		492D35DF21AA1CBC00D95CF9 /* PBXContainerItemProxy */ = {
			isa = PBXContainerItemProxy;
			containerPortal = OBJ_1 /* Project object */;
			proxyType = 1;
			remoteGlobalIDString = "Geometry::Geometry";
			remoteInfo = Geometry;
		};
		492D35E021AA1CBE00D95CF9 /* PBXContainerItemProxy */ = {
			isa = PBXContainerItemProxy;
			containerPortal = OBJ_1 /* Project object */;
			proxyType = 1;
			remoteGlobalIDString = "Geometry::GeometryTests";
			remoteInfo = GeometryTests;
		};
/* End PBXContainerItemProxy section */

/* Begin PBXFileReference section */
		"Geometry::Geometry::Product" /* Geometry.framework */ = {isa = PBXFileReference; lastKnownFileType = wrapper.framework; path = Geometry.framework; sourceTree = BUILT_PRODUCTS_DIR; };
		"Geometry::GeometryTests::Product" /* GeometryTests.xctest */ = {isa = PBXFileReference; lastKnownFileType = file; path = GeometryTests.xctest; sourceTree = BUILT_PRODUCTS_DIR; };
		OBJ_10 /* Point2.swift */ = {isa = PBXFileReference; lastKnownFileType = sourcecode.swift; path = Point2.swift; sourceTree = "<group>"; };
		OBJ_11 /* Vector2.swift */ = {isa = PBXFileReference; lastKnownFileType = sourcecode.swift; path = Vector2.swift; sourceTree = "<group>"; };
		OBJ_14 /* Angle2TestHelper.swift */ = {isa = PBXFileReference; lastKnownFileType = sourcecode.swift; path = Angle2TestHelper.swift; sourceTree = "<group>"; };
		OBJ_15 /* Angle2Tests.swift */ = {isa = PBXFileReference; lastKnownFileType = sourcecode.swift; path = Angle2Tests.swift; sourceTree = "<group>"; };
		OBJ_16 /* Point2Tests.swift */ = {isa = PBXFileReference; lastKnownFileType = sourcecode.swift; path = Point2Tests.swift; sourceTree = "<group>"; };
		OBJ_17 /* Vector2TestHelper.swift */ = {isa = PBXFileReference; lastKnownFileType = sourcecode.swift; path = Vector2TestHelper.swift; sourceTree = "<group>"; };
		OBJ_18 /* Vector2Tests.swift */ = {isa = PBXFileReference; lastKnownFileType = sourcecode.swift; path = Vector2Tests.swift; sourceTree = "<group>"; };
		OBJ_22 /* LICENSE */ = {isa = PBXFileReference; lastKnownFileType = text; path = LICENSE; sourceTree = "<group>"; };
		OBJ_23 /* README.md */ = {isa = PBXFileReference; lastKnownFileType = net.daringfireball.markdown; path = README.md; sourceTree = "<group>"; };
		OBJ_6 /* Package.swift */ = {isa = PBXFileReference; explicitFileType = sourcecode.swift; path = Package.swift; sourceTree = "<group>"; };
		OBJ_9 /* Angle2.swift */ = {isa = PBXFileReference; lastKnownFileType = sourcecode.swift; path = Angle2.swift; sourceTree = "<group>"; };
/* End PBXFileReference section */

/* Begin PBXFrameworksBuildPhase section */
		OBJ_32 /* Frameworks */ = {
			isa = PBXFrameworksBuildPhase;
			buildActionMask = 0;
			files = (
			);
			runOnlyForDeploymentPostprocessing = 0;
		};
		OBJ_54 /* Frameworks */ = {
			isa = PBXFrameworksBuildPhase;
			buildActionMask = 0;
			files = (
				OBJ_55 /* Geometry.framework in Frameworks */,
			);
			runOnlyForDeploymentPostprocessing = 0;
		};
/* End PBXFrameworksBuildPhase section */

/* Begin PBXGroup section */
		492D35E121AA4FD400D95CF9 /* Helpers */ = {
			isa = PBXGroup;
			children = (
				OBJ_14 /* Angle2TestHelper.swift */,
				OBJ_17 /* Vector2TestHelper.swift */,
			);
			path = Helpers;
			sourceTree = "<group>";
		};
		OBJ_12 /* Tests */ = {
			isa = PBXGroup;
			children = (
				OBJ_13 /* GeometryTests */,
			);
			name = Tests;
			sourceTree = SOURCE_ROOT;
		};
		OBJ_13 /* GeometryTests */ = {
			isa = PBXGroup;
			children = (
				492D35E121AA4FD400D95CF9 /* Helpers */,
				OBJ_15 /* Angle2Tests.swift */,
				OBJ_16 /* Point2Tests.swift */,
				OBJ_18 /* Vector2Tests.swift */,
			);
			name = GeometryTests;
			path = Tests/GeometryTests;
			sourceTree = SOURCE_ROOT;
		};
		OBJ_19 /* Products */ = {
			isa = PBXGroup;
			children = (
				"Geometry::GeometryTests::Product" /* GeometryTests.xctest */,
				"Geometry::Geometry::Product" /* Geometry.framework */,
			);
			name = Products;
			sourceTree = BUILT_PRODUCTS_DIR;
		};
		OBJ_5 /*  */ = {
			isa = PBXGroup;
			children = (
				OBJ_6 /* Package.swift */,
				OBJ_7 /* Sources */,
				OBJ_12 /* Tests */,
				OBJ_19 /* Products */,
				OBJ_22 /* LICENSE */,
				OBJ_23 /* README.md */,
			);
			name = "";
			sourceTree = "<group>";
		};
		OBJ_7 /* Sources */ = {
			isa = PBXGroup;
			children = (
				OBJ_8 /* Geometry */,
			);
			name = Sources;
			sourceTree = SOURCE_ROOT;
		};
		OBJ_8 /* Geometry */ = {
			isa = PBXGroup;
			children = (
				OBJ_9 /* Angle2.swift */,
				OBJ_10 /* Point2.swift */,
				OBJ_11 /* Vector2.swift */,
			);
			name = Geometry;
			path = Sources/Geometry;
			sourceTree = SOURCE_ROOT;
		};
/* End PBXGroup section */

/* Begin PBXNativeTarget section */
		"Geometry::Geometry" /* Geometry */ = {
			isa = PBXNativeTarget;
			buildConfigurationList = OBJ_25 /* Build configuration list for PBXNativeTarget "Geometry" */;
			buildPhases = (
				OBJ_28 /* Sources */,
				OBJ_32 /* Frameworks */,
			);
			buildRules = (
			);
			dependencies = (
			);
			name = Geometry;
			productName = Geometry;
			productReference = "Geometry::Geometry::Product" /* Geometry.framework */;
			productType = "com.apple.product-type.framework";
		};
		"Geometry::GeometryTests" /* GeometryTests */ = {
			isa = PBXNativeTarget;
			buildConfigurationList = OBJ_45 /* Build configuration list for PBXNativeTarget "GeometryTests" */;
			buildPhases = (
				OBJ_48 /* Sources */,
				OBJ_54 /* Frameworks */,
			);
			buildRules = (
			);
			dependencies = (
				OBJ_56 /* PBXTargetDependency */,
			);
			name = GeometryTests;
			productName = GeometryTests;
			productReference = "Geometry::GeometryTests::Product" /* GeometryTests.xctest */;
			productType = "com.apple.product-type.bundle.unit-test";
		};
		"Geometry::SwiftPMPackageDescription" /* GeometryPackageDescription */ = {
			isa = PBXNativeTarget;
			buildConfigurationList = OBJ_34 /* Build configuration list for PBXNativeTarget "GeometryPackageDescription" */;
			buildPhases = (
				OBJ_37 /* Sources */,
			);
			buildRules = (
			);
			dependencies = (
			);
			name = GeometryPackageDescription;
			productName = GeometryPackageDescription;
			productType = "com.apple.product-type.framework";
		};
/* End PBXNativeTarget section */

/* Begin PBXProject section */
		OBJ_1 /* Project object */ = {
			isa = PBXProject;
			attributes = {
				LastSwiftMigration = 9999;
				LastUpgradeCheck = 9999;
			};
			buildConfigurationList = OBJ_2 /* Build configuration list for PBXProject "Geometry" */;
			compatibilityVersion = "Xcode 3.2";
			developmentRegion = English;
			hasScannedForEncodings = 0;
			knownRegions = (
				en,
			);
			mainGroup = OBJ_5 /*  */;
			productRefGroup = OBJ_19 /* Products */;
			projectDirPath = "";
			projectRoot = "";
			targets = (
				"Geometry::Geometry" /* Geometry */,
				"Geometry::SwiftPMPackageDescription" /* GeometryPackageDescription */,
				"Geometry::GeometryPackageTests::ProductTarget" /* GeometryPackageTests */,
				"Geometry::GeometryTests" /* GeometryTests */,
			);
		};
/* End PBXProject section */

/* Begin PBXSourcesBuildPhase section */
		OBJ_28 /* Sources */ = {
			isa = PBXSourcesBuildPhase;
			buildActionMask = 0;
			files = (
				OBJ_29 /* Angle2.swift in Sources */,
				OBJ_30 /* Point2.swift in Sources */,
				OBJ_31 /* Vector2.swift in Sources */,
			);
			runOnlyForDeploymentPostprocessing = 0;
		};
		OBJ_37 /* Sources */ = {
			isa = PBXSourcesBuildPhase;
			buildActionMask = 0;
			files = (
				OBJ_38 /* Package.swift in Sources */,
			);
			runOnlyForDeploymentPostprocessing = 0;
		};
		OBJ_48 /* Sources */ = {
			isa = PBXSourcesBuildPhase;
			buildActionMask = 0;
			files = (
				492D35E421AA508C00D95CF9 /* Angle2TestHelper.swift in Sources */,
				492D35E621AA508C00D95CF9 /* Angle2Tests.swift in Sources */,
				492D35E521AA508C00D95CF9 /* Vector2TestHelper.swift in Sources */,
				492D35E721AA508C00D95CF9 /* Point2Tests.swift in Sources */,
				492D35E821AA508C00D95CF9 /* Vector2Tests.swift in Sources */,
			);
			runOnlyForDeploymentPostprocessing = 0;
		};
/* End PBXSourcesBuildPhase section */

/* Begin PBXTargetDependency section */
		OBJ_43 /* PBXTargetDependency */ = {
			isa = PBXTargetDependency;
			target = "Geometry::GeometryTests" /* GeometryTests */;
			targetProxy = 492D35E021AA1CBE00D95CF9 /* PBXContainerItemProxy */;
		};
		OBJ_56 /* PBXTargetDependency */ = {
			isa = PBXTargetDependency;
			target = "Geometry::Geometry" /* Geometry */;
			targetProxy = 492D35DF21AA1CBC00D95CF9 /* PBXContainerItemProxy */;
		};
/* End PBXTargetDependency section */

/* Begin XCBuildConfiguration section */
		OBJ_26 /* Debug */ = {
			isa = XCBuildConfiguration;
			buildSettings = {
				ENABLE_TESTABILITY = YES;
				FRAMEWORK_SEARCH_PATHS = (
					"$(inherited)",
					"$(PLATFORM_DIR)/Developer/Library/Frameworks",
				);
				HEADER_SEARCH_PATHS = "$(inherited)";
				INFOPLIST_FILE = Geometry.xcodeproj/Geometry_Info.plist;
				LD_RUNPATH_SEARCH_PATHS = "$(inherited) $(TOOLCHAIN_DIR)/usr/lib/swift/macosx";
				OTHER_CFLAGS = "$(inherited)";
				OTHER_LDFLAGS = "$(inherited)";
				OTHER_SWIFT_FLAGS = "$(inherited)";
				PRODUCT_BUNDLE_IDENTIFIER = Geometry;
				PRODUCT_MODULE_NAME = "$(TARGET_NAME:c99extidentifier)";
				PRODUCT_NAME = "$(TARGET_NAME:c99extidentifier)";
				SKIP_INSTALL = YES;
				SWIFT_ACTIVE_COMPILATION_CONDITIONS = "$(inherited)";
				SWIFT_VERSION = 4.2;
				TARGET_NAME = Geometry;
			};
			name = Debug;
		};
		OBJ_27 /* Release */ = {
			isa = XCBuildConfiguration;
			buildSettings = {
				ENABLE_TESTABILITY = YES;
				FRAMEWORK_SEARCH_PATHS = (
					"$(inherited)",
					"$(PLATFORM_DIR)/Developer/Library/Frameworks",
				);
				HEADER_SEARCH_PATHS = "$(inherited)";
				INFOPLIST_FILE = Geometry.xcodeproj/Geometry_Info.plist;
				LD_RUNPATH_SEARCH_PATHS = "$(inherited) $(TOOLCHAIN_DIR)/usr/lib/swift/macosx";
				OTHER_CFLAGS = "$(inherited)";
				OTHER_LDFLAGS = "$(inherited)";
				OTHER_SWIFT_FLAGS = "$(inherited)";
				PRODUCT_BUNDLE_IDENTIFIER = Geometry;
				PRODUCT_MODULE_NAME = "$(TARGET_NAME:c99extidentifier)";
				PRODUCT_NAME = "$(TARGET_NAME:c99extidentifier)";
				SKIP_INSTALL = YES;
				SWIFT_ACTIVE_COMPILATION_CONDITIONS = "$(inherited)";
				SWIFT_VERSION = 4.2;
				TARGET_NAME = Geometry;
			};
			name = Release;
		};
		OBJ_3 /* Debug */ = {
			isa = XCBuildConfiguration;
			buildSettings = {
				CLANG_ENABLE_OBJC_ARC = YES;
				COMBINE_HIDPI_IMAGES = YES;
				COPY_PHASE_STRIP = NO;
				DEBUG_INFORMATION_FORMAT = dwarf;
				DYLIB_INSTALL_NAME_BASE = "@rpath";
				ENABLE_NS_ASSERTIONS = YES;
				GCC_OPTIMIZATION_LEVEL = 0;
				GCC_PREPROCESSOR_DEFINITIONS = (
					"DEBUG=1",
					"$(inherited)",
				);
				MACOSX_DEPLOYMENT_TARGET = 10.10;
				ONLY_ACTIVE_ARCH = YES;
				OTHER_SWIFT_FLAGS = "-DXcode";
				PRODUCT_NAME = "$(TARGET_NAME)";
				SDKROOT = macosx;
				SUPPORTED_PLATFORMS = "macosx iphoneos iphonesimulator appletvos appletvsimulator watchos watchsimulator";
				SWIFT_ACTIVE_COMPILATION_CONDITIONS = "SWIFT_PACKAGE DEBUG";
				SWIFT_OPTIMIZATION_LEVEL = "-Onone";
				USE_HEADERMAP = NO;
			};
			name = Debug;
		};
		OBJ_35 /* Debug */ = {
			isa = XCBuildConfiguration;
			buildSettings = {
				LD = /usr/bin/true;
				OTHER_SWIFT_FLAGS = "-swift-version 4.2 -I $(TOOLCHAIN_DIR)/usr/lib/swift/pm/4_2 -target x86_64-apple-macosx10.10 -sdk /Applications/Xcode.app/Contents/Developer/Platforms/MacOSX.platform/Developer/SDKs/MacOSX10.14.sdk";
				SWIFT_VERSION = 4.2;
			};
			name = Debug;
		};
		OBJ_36 /* Release */ = {
			isa = XCBuildConfiguration;
			buildSettings = {
				LD = /usr/bin/true;
				OTHER_SWIFT_FLAGS = "-swift-version 4.2 -I $(TOOLCHAIN_DIR)/usr/lib/swift/pm/4_2 -target x86_64-apple-macosx10.10 -sdk /Applications/Xcode.app/Contents/Developer/Platforms/MacOSX.platform/Developer/SDKs/MacOSX10.14.sdk";
				SWIFT_VERSION = 4.2;
			};
			name = Release;
		};
		OBJ_4 /* Release */ = {
			isa = XCBuildConfiguration;
			buildSettings = {
				CLANG_ENABLE_OBJC_ARC = YES;
				COMBINE_HIDPI_IMAGES = YES;
				COPY_PHASE_STRIP = YES;
				DEBUG_INFORMATION_FORMAT = "dwarf-with-dsym";
				DYLIB_INSTALL_NAME_BASE = "@rpath";
				GCC_OPTIMIZATION_LEVEL = s;
				MACOSX_DEPLOYMENT_TARGET = 10.10;
				OTHER_SWIFT_FLAGS = "-DXcode";
				PRODUCT_NAME = "$(TARGET_NAME)";
				SDKROOT = macosx;
				SUPPORTED_PLATFORMS = "macosx iphoneos iphonesimulator appletvos appletvsimulator watchos watchsimulator";
				SWIFT_ACTIVE_COMPILATION_CONDITIONS = SWIFT_PACKAGE;
				SWIFT_OPTIMIZATION_LEVEL = "-Owholemodule";
				USE_HEADERMAP = NO;
			};
			name = Release;
		};
		OBJ_41 /* Debug */ = {
			isa = XCBuildConfiguration;
			buildSettings = {
			};
			name = Debug;
		};
		OBJ_42 /* Release */ = {
			isa = XCBuildConfiguration;
			buildSettings = {
			};
			name = Release;
		};
		OBJ_46 /* Debug */ = {
			isa = XCBuildConfiguration;
			buildSettings = {
				CLANG_ENABLE_MODULES = YES;
				EMBEDDED_CONTENT_CONTAINS_SWIFT = YES;
				FRAMEWORK_SEARCH_PATHS = (
					"$(inherited)",
					"$(PLATFORM_DIR)/Developer/Library/Frameworks",
				);
				HEADER_SEARCH_PATHS = "$(inherited)";
				INFOPLIST_FILE = Geometry.xcodeproj/GeometryTests_Info.plist;
				LD_RUNPATH_SEARCH_PATHS = "$(inherited) @loader_path/../Frameworks @loader_path/Frameworks";
				OTHER_CFLAGS = "$(inherited)";
				OTHER_LDFLAGS = "$(inherited)";
				OTHER_SWIFT_FLAGS = "$(inherited)";
				SWIFT_ACTIVE_COMPILATION_CONDITIONS = "$(inherited)";
				SWIFT_VERSION = 4.2;
				TARGET_NAME = GeometryTests;
			};
			name = Debug;
		};
		OBJ_47 /* Release */ = {
			isa = XCBuildConfiguration;
			buildSettings = {
				CLANG_ENABLE_MODULES = YES;
				EMBEDDED_CONTENT_CONTAINS_SWIFT = YES;
				FRAMEWORK_SEARCH_PATHS = (
					"$(inherited)",
					"$(PLATFORM_DIR)/Developer/Library/Frameworks",
				);
				HEADER_SEARCH_PATHS = "$(inherited)";
				INFOPLIST_FILE = Geometry.xcodeproj/GeometryTests_Info.plist;
				LD_RUNPATH_SEARCH_PATHS = "$(inherited) @loader_path/../Frameworks @loader_path/Frameworks";
				OTHER_CFLAGS = "$(inherited)";
				OTHER_LDFLAGS = "$(inherited)";
				OTHER_SWIFT_FLAGS = "$(inherited)";
				SWIFT_ACTIVE_COMPILATION_CONDITIONS = "$(inherited)";
				SWIFT_VERSION = 4.2;
				TARGET_NAME = GeometryTests;
			};
			name = Release;
		};
/* End XCBuildConfiguration section */

/* Begin XCConfigurationList section */
		OBJ_2 /* Build configuration list for PBXProject "Geometry" */ = {
			isa = XCConfigurationList;
			buildConfigurations = (
				OBJ_3 /* Debug */,
				OBJ_4 /* Release */,
			);
			defaultConfigurationIsVisible = 0;
			defaultConfigurationName = Release;
		};
		OBJ_25 /* Build configuration list for PBXNativeTarget "Geometry" */ = {
			isa = XCConfigurationList;
			buildConfigurations = (
				OBJ_26 /* Debug */,
				OBJ_27 /* Release */,
			);
			defaultConfigurationIsVisible = 0;
			defaultConfigurationName = Release;
		};
		OBJ_34 /* Build configuration list for PBXNativeTarget "GeometryPackageDescription" */ = {
			isa = XCConfigurationList;
			buildConfigurations = (
				OBJ_35 /* Debug */,
				OBJ_36 /* Release */,
			);
			defaultConfigurationIsVisible = 0;
			defaultConfigurationName = Release;
		};
		OBJ_40 /* Build configuration list for PBXAggregateTarget "GeometryPackageTests" */ = {
			isa = XCConfigurationList;
			buildConfigurations = (
				OBJ_41 /* Debug */,
				OBJ_42 /* Release */,
			);
			defaultConfigurationIsVisible = 0;
			defaultConfigurationName = Release;
		};
		OBJ_45 /* Build configuration list for PBXNativeTarget "GeometryTests" */ = {
			isa = XCConfigurationList;
			buildConfigurations = (
				OBJ_46 /* Debug */,
				OBJ_47 /* Release */,
			);
			defaultConfigurationIsVisible = 0;
			defaultConfigurationName = Release;
		};
/* End XCConfigurationList section */
	};
	rootObject = OBJ_1 /* Project object */;
}
